
Microsoft Visual Studio Solution File, Format Version 12.00
# Visual Studio Version 17
VisualStudioVersion = 17.3.32901.215
MinimumVisualStudioVersion = 10.0.40219.1
Project("{FAE04EC0-301F-11D3-BF4B-00C04F79EFBC}") = "Programming Work", "Programming Work\Programming Work.csproj", "{31348BB3-1256-4592-BBF4-951FD3FD70A2}"
EndProject
Global
	GlobalSection(SolutionConfigurationPlatforms) = preSolution
		Debug|Any CPU = Debug|Any CPU
		Release|Any CPU = Release|Any CPU
	EndGlobalSection
	GlobalSection(ProjectConfigurationPlatforms) = postSolution
		{31348BB3-1256-4592-BBF4-951FD3FD70A2}.Debug|Any CPU.ActiveCfg = Debug|Any CPU
		{31348BB3-1256-4592-BBF4-951FD3FD70A2}.Debug|Any CPU.Build.0 = Debug|Any CPU
		{31348BB3-1256-4592-BBF4-951FD3FD70A2}.Release|Any CPU.ActiveCfg = Release|Any CPU
		{31348BB3-1256-4592-BBF4-951FD3FD70A2}.Release|Any CPU.Build.0 = Release|Any CPU
	EndGlobalSection
	GlobalSection(SolutionProperties) = preSolution
		HideSolutionNode = FALSE
	EndGlobalSection
	GlobalSection(ExtensibilityGlobals) = postSolution
		SolutionGuid = {ED9BBAEF-BA43-41FE-80F2-94087CA67E27}
	EndGlobalSection
EndGlobal
